
Microsoft Visual Studio Solution File, Format Version 12.00
# Visual Studio Version 17
VisualStudioVersion = 17.7.34031.279
MinimumVisualStudioVersion = 10.0.40219.1
Project("{9A19103F-16F7-4668-BE54-9A1E7A4F7556}") = "Inz_Fn", "Inz_Fn.csproj", "{4D89FEB2-2949-451B-A246-4B9B4EF0472C}"
EndProject
Project("{FAE04EC0-301F-11D3-BF4B-00C04F79EFBC}") = "TestTrade", "..\TestTrade\TestTrade.csproj", "{245A3AFC-E067-41E1-A5B9-38C1FC5A5FD6}"
EndProject
Global
	GlobalSection(SolutionConfigurationPlatforms) = preSolution
		Debug|Any CPU = Debug|Any CPU
		Release|Any CPU = Release|Any CPU
	EndGlobalSection
	GlobalSection(ProjectConfigurationPlatforms) = postSolution
		{4D89FEB2-2949-451B-A246-4B9B4EF0472C}.Debug|Any CPU.ActiveCfg = Debug|Any CPU
		{4D89FEB2-2949-451B-A246-4B9B4EF0472C}.Debug|Any CPU.Build.0 = Debug|Any CPU
		{4D89FEB2-2949-451B-A246-4B9B4EF0472C}.Release|Any CPU.ActiveCfg = Release|Any CPU
		{4D89FEB2-2949-451B-A246-4B9B4EF0472C}.Release|Any CPU.Build.0 = Release|Any CPU
		{245A3AFC-E067-41E1-A5B9-38C1FC5A5FD6}.Debug|Any CPU.ActiveCfg = Debug|Any CPU
		{245A3AFC-E067-41E1-A5B9-38C1FC5A5FD6}.Debug|Any CPU.Build.0 = Debug|Any CPU
		{245A3AFC-E067-41E1-A5B9-38C1FC5A5FD6}.Release|Any CPU.ActiveCfg = Release|Any CPU
		{245A3AFC-E067-41E1-A5B9-38C1FC5A5FD6}.Release|Any CPU.Build.0 = Release|Any CPU
	EndGlobalSection
	GlobalSection(SolutionProperties) = preSolution
		HideSolutionNode = FALSE
	EndGlobalSection
	GlobalSection(ExtensibilityGlobals) = postSolution
		SolutionGuid = {5EB37EBD-2ECD-4790-9672-49D028F9F0C0}
	EndGlobalSection
EndGlobal
